// !$*UTF8*$!
{
	archiveVersion = 1;
	classes = {
	};
	objectVersion = 56;
	objects = {

/* Begin PBXBuildFile section */
		CE9488602C4AA7A10082C16C /* ToDoTodayApp.swift in Sources */ = {isa = PBXBuildFile; fileRef = CE94885F2C4AA7A10082C16C /* ToDoTodayApp.swift */; };
		CE9488622C4AA7A10082C16C /* ContentView.swift in Sources */ = {isa = PBXBuildFile; fileRef = CE9488612C4AA7A10082C16C /* ContentView.swift */; };
		CE9488642C4AA7A30082C16C /* Assets.xcassets in Resources */ = {isa = PBXBuildFile; fileRef = CE9488632C4AA7A30082C16C /* Assets.xcassets */; };
		CE9488672C4AA7A30082C16C /* Preview Assets.xcassets in Resources */ = {isa = PBXBuildFile; fileRef = CE9488662C4AA7A30082C16C /* Preview Assets.xcassets */; };
		CE9488702C4AA87D0082C16C /* TaskToDo.swift in Sources */ = {isa = PBXBuildFile; fileRef = CE94886F2C4AA87D0082C16C /* TaskToDo.swift */; };
		CEF6C8012C4AAB7D007471E7 /* SampleTasks.swift in Sources */ = {isa = PBXBuildFile; fileRef = CEF6C8002C4AAB7D007471E7 /* SampleTasks.swift */; };
		CEF6C8042C4ABA77007471E7 /* PreviewSampleData.swift in Sources */ = {isa = PBXBuildFile; fileRef = CEF6C8032C4ABA77007471E7 /* PreviewSampleData.swift */; };
		CEF6C8062C4ABCAF007471E7 /* AddTaskToDoView.swift in Sources */ = {isa = PBXBuildFile; fileRef = CEF6C8052C4ABCAF007471E7 /* AddTaskToDoView.swift */; };
/* End PBXBuildFile section */

/* Begin PBXFileReference section */
		CE94885C2C4AA7A10082C16C /* ToDoToday.app */ = {isa = PBXFileReference; explicitFileType = wrapper.application; includeInIndex = 0; path = ToDoToday.app; sourceTree = BUILT_PRODUCTS_DIR; };
		CE94885F2C4AA7A10082C16C /* ToDoTodayApp.swift */ = {isa = PBXFileReference; lastKnownFileType = sourcecode.swift; path = ToDoTodayApp.swift; sourceTree = "<group>"; };
		CE9488612C4AA7A10082C16C /* ContentView.swift */ = {isa = PBXFileReference; lastKnownFileType = sourcecode.swift; path = ContentView.swift; sourceTree = "<group>"; };
		CE9488632C4AA7A30082C16C /* Assets.xcassets */ = {isa = PBXFileReference; lastKnownFileType = folder.assetcatalog; path = Assets.xcassets; sourceTree = "<group>"; };
		CE9488662C4AA7A30082C16C /* Preview Assets.xcassets */ = {isa = PBXFileReference; lastKnownFileType = folder.assetcatalog; path = "Preview Assets.xcassets"; sourceTree = "<group>"; };
		CE94886F2C4AA87D0082C16C /* TaskToDo.swift */ = {isa = PBXFileReference; lastKnownFileType = sourcecode.swift; path = TaskToDo.swift; sourceTree = "<group>"; };
		CEF6C8002C4AAB7D007471E7 /* SampleTasks.swift */ = {isa = PBXFileReference; lastKnownFileType = sourcecode.swift; path = SampleTasks.swift; sourceTree = "<group>"; };
		CEF6C8032C4ABA77007471E7 /* PreviewSampleData.swift */ = {isa = PBXFileReference; lastKnownFileType = sourcecode.swift; path = PreviewSampleData.swift; sourceTree = "<group>"; };
		CEF6C8052C4ABCAF007471E7 /* AddTaskToDoView.swift */ = {isa = PBXFileReference; lastKnownFileType = sourcecode.swift; path = AddTaskToDoView.swift; sourceTree = "<group>"; };
/* End PBXFileReference section */

/* Begin PBXFrameworksBuildPhase section */
		CE9488592C4AA7A10082C16C /* Frameworks */ = {
			isa = PBXFrameworksBuildPhase;
			buildActionMask = 2147483647;
			files = (
			);
			runOnlyForDeploymentPostprocessing = 0;
		};
/* End PBXFrameworksBuildPhase section */

/* Begin PBXGroup section */
		CE9488532C4AA7A10082C16C = {
			isa = PBXGroup;
			children = (
				CE94885E2C4AA7A10082C16C /* ToDoToday */,
				CE94885D2C4AA7A10082C16C /* Products */,
			);
			sourceTree = "<group>";
		};
		CE94885D2C4AA7A10082C16C /* Products */ = {
			isa = PBXGroup;
			children = (
				CE94885C2C4AA7A10082C16C /* ToDoToday.app */,
			);
			name = Products;
			sourceTree = "<group>";
		};
		CE94885E2C4AA7A10082C16C /* ToDoToday */ = {
			isa = PBXGroup;
			children = (
				CE94885F2C4AA7A10082C16C /* ToDoTodayApp.swift */,
				CE94886E2C4AA7BA0082C16C /* Models */,
				CE94886D2C4AA7B60082C16C /* Views */,
				CEF6C7FF2C4AAB63007471E7 /* Support */,
				CE9488632C4AA7A30082C16C /* Assets.xcassets */,
				CE9488652C4AA7A30082C16C /* Preview Content */,
			);
			path = ToDoToday;
			sourceTree = "<group>";
		};
		CE9488652C4AA7A30082C16C /* Preview Content */ = {
			isa = PBXGroup;
			children = (
				CE9488662C4AA7A30082C16C /* Preview Assets.xcassets */,
			);
			path = "Preview Content";
			sourceTree = "<group>";
		};
		CE94886D2C4AA7B60082C16C /* Views */ = {
			isa = PBXGroup;
			children = (
				CE9488612C4AA7A10082C16C /* ContentView.swift */,
				CEF6C8052C4ABCAF007471E7 /* AddTaskToDoView.swift */,
			);
			path = Views;
			sourceTree = "<group>";
		};
		CE94886E2C4AA7BA0082C16C /* Models */ = {
			isa = PBXGroup;
			children = (
				CE94886F2C4AA87D0082C16C /* TaskToDo.swift */,
				CEF6C8002C4AAB7D007471E7 /* SampleTasks.swift */,
			);
			path = Models;
			sourceTree = "<group>";
		};
		CEF6C7FF2C4AAB63007471E7 /* Support */ = {
			isa = PBXGroup;
			children = (
				CEF6C8032C4ABA77007471E7 /* PreviewSampleData.swift */,
			);
			path = Support;
			sourceTree = "<group>";
		};
/* End PBXGroup section */

/* Begin PBXNativeTarget section */
		CE94885B2C4AA7A10082C16C /* ToDoToday */ = {
			isa = PBXNativeTarget;
			buildConfigurationList = CE94886A2C4AA7A30082C16C /* Build configuration list for PBXNativeTarget "ToDoToday" */;
			buildPhases = (
				CE9488582C4AA7A10082C16C /* Sources */,
				CE9488592C4AA7A10082C16C /* Frameworks */,
				CE94885A2C4AA7A10082C16C /* Resources */,
			);
			buildRules = (
			);
			dependencies = (
			);
			name = ToDoToday;
			productName = ToDoToday;
			productReference = CE94885C2C4AA7A10082C16C /* ToDoToday.app */;
			productType = "com.apple.product-type.application";
		};
/* End PBXNativeTarget section */

/* Begin PBXProject section */
		CE9488542C4AA7A10082C16C /* Project object */ = {
			isa = PBXProject;
			attributes = {
				BuildIndependentTargetsInParallel = 1;
				LastSwiftUpdateCheck = 1540;
				LastUpgradeCheck = 1540;
				TargetAttributes = {
					CE94885B2C4AA7A10082C16C = {
						CreatedOnToolsVersion = 15.4;
					};
				};
			};
			buildConfigurationList = CE9488572C4AA7A10082C16C /* Build configuration list for PBXProject "ToDoToday" */;
			compatibilityVersion = "Xcode 14.0";
			developmentRegion = en;
			hasScannedForEncodings = 0;
			knownRegions = (
				en,
				Base,
			);
			mainGroup = CE9488532C4AA7A10082C16C;
			productRefGroup = CE94885D2C4AA7A10082C16C /* Products */;
			projectDirPath = "";
			projectRoot = "";
			targets = (
				CE94885B2C4AA7A10082C16C /* ToDoToday */,
			);
		};
/* End PBXProject section */

/* Begin PBXResourcesBuildPhase section */
		CE94885A2C4AA7A10082C16C /* Resources */ = {
			isa = PBXResourcesBuildPhase;
			buildActionMask = 2147483647;
			files = (
				CE9488672C4AA7A30082C16C /* Preview Assets.xcassets in Resources */,
				CE9488642C4AA7A30082C16C /* Assets.xcassets in Resources */,
			);
			runOnlyForDeploymentPostprocessing = 0;
		};
/* End PBXResourcesBuildPhase section */

/* Begin PBXSourcesBuildPhase section */
		CE9488582C4AA7A10082C16C /* Sources */ = {
			isa = PBXSourcesBuildPhase;
			buildActionMask = 2147483647;
			files = (
				CEF6C8012C4AAB7D007471E7 /* SampleTasks.swift in Sources */,
				CEF6C8042C4ABA77007471E7 /* PreviewSampleData.swift in Sources */,
				CE9488622C4AA7A10082C16C /* ContentView.swift in Sources */,
				CE9488702C4AA87D0082C16C /* TaskToDo.swift in Sources */,
				CE9488602C4AA7A10082C16C /* ToDoTodayApp.swift in Sources */,
				CEF6C8062C4ABCAF007471E7 /* AddTaskToDoView.swift in Sources */,
			);
			runOnlyForDeploymentPostprocessing = 0;
		};
/* End PBXSourcesBuildPhase section */

/* Begin XCBuildConfiguration section */
		CE9488682C4AA7A30082C16C /* Debug */ = {
			isa = XCBuildConfiguration;
			buildSettings = {
				ALWAYS_SEARCH_USER_PATHS = NO;
				ASSETCATALOG_COMPILER_GENERATE_SWIFT_ASSET_SYMBOL_EXTENSIONS = YES;
				CLANG_ANALYZER_NONNULL = YES;
				CLANG_ANALYZER_NUMBER_OBJECT_CONVERSION = YES_AGGRESSIVE;
				CLANG_CXX_LANGUAGE_STANDARD = "gnu++20";
				CLANG_ENABLE_MODULES = YES;
				CLANG_ENABLE_OBJC_ARC = YES;
				CLANG_ENABLE_OBJC_WEAK = YES;
				CLANG_WARN_BLOCK_CAPTURE_AUTORELEASING = YES;
				CLANG_WARN_BOOL_CONVERSION = YES;
				CLANG_WARN_COMMA = YES;
				CLANG_WARN_CONSTANT_CONVERSION = YES;
				CLANG_WARN_DEPRECATED_OBJC_IMPLEMENTATIONS = YES;
				CLANG_WARN_DIRECT_OBJC_ISA_USAGE = YES_ERROR;
				CLANG_WARN_DOCUMENTATION_COMMENTS = YES;
				CLANG_WARN_EMPTY_BODY = YES;
				CLANG_WARN_ENUM_CONVERSION = YES;
				CLANG_WARN_INFINITE_RECURSION = YES;
				CLANG_WARN_INT_CONVERSION = YES;
				CLANG_WARN_NON_LITERAL_NULL_CONVERSION = YES;
				CLANG_WARN_OBJC_IMPLICIT_RETAIN_SELF = YES;
				CLANG_WARN_OBJC_LITERAL_CONVERSION = YES;
				CLANG_WARN_OBJC_ROOT_CLASS = YES_ERROR;
				CLANG_WARN_QUOTED_INCLUDE_IN_FRAMEWORK_HEADER = YES;
				CLANG_WARN_RANGE_LOOP_ANALYSIS = YES;
				CLANG_WARN_STRICT_PROTOTYPES = YES;
				CLANG_WARN_SUSPICIOUS_MOVE = YES;
				CLANG_WARN_UNGUARDED_AVAILABILITY = YES_AGGRESSIVE;
				CLANG_WARN_UNREACHABLE_CODE = YES;
				CLANG_WARN__DUPLICATE_METHOD_MATCH = YES;
				COPY_PHASE_STRIP = NO;
				DEBUG_INFORMATION_FORMAT = dwarf;
				ENABLE_STRICT_OBJC_MSGSEND = YES;
				ENABLE_TESTABILITY = YES;
				ENABLE_USER_SCRIPT_SANDBOXING = YES;
				GCC_C_LANGUAGE_STANDARD = gnu17;
				GCC_DYNAMIC_NO_PIC = NO;
				GCC_NO_COMMON_BLOCKS = YES;
				GCC_OPTIMIZATION_LEVEL = 0;
				GCC_PREPROCESSOR_DEFINITIONS = (
					"DEBUG=1",
					"$(inherited)",
				);
				GCC_WARN_64_TO_32_BIT_CONVERSION = YES;
				GCC_WARN_ABOUT_RETURN_TYPE = YES_ERROR;
				GCC_WARN_UNDECLARED_SELECTOR = YES;
				GCC_WARN_UNINITIALIZED_AUTOS = YES_AGGRESSIVE;
				GCC_WARN_UNUSED_FUNCTION = YES;
				GCC_WARN_UNUSED_VARIABLE = YES;
				IPHONEOS_DEPLOYMENT_TARGET = 17.5;
				LOCALIZATION_PREFERS_STRING_CATALOGS = YES;
				MTL_ENABLE_DEBUG_INFO = INCLUDE_SOURCE;
				MTL_FAST_MATH = YES;
				ONLY_ACTIVE_ARCH = YES;
				SDKROOT = iphoneos;
				SWIFT_ACTIVE_COMPILATION_CONDITIONS = "DEBUG $(inherited)";
				SWIFT_OPTIMIZATION_LEVEL = "-Onone";
			};
			name = Debug;
		};
		CE9488692C4AA7A30082C16C /* Release */ = {
			isa = XCBuildConfiguration;
			buildSettings = {
				ALWAYS_SEARCH_USER_PATHS = NO;
				ASSETCATALOG_COMPILER_GENERATE_SWIFT_ASSET_SYMBOL_EXTENSIONS = YES;
				CLANG_ANALYZER_NONNULL = YES;
				CLANG_ANALYZER_NUMBER_OBJECT_CONVERSION = YES_AGGRESSIVE;
				CLANG_CXX_LANGUAGE_STANDARD = "gnu++20";
				CLANG_ENABLE_MODULES = YES;
				CLANG_ENABLE_OBJC_ARC = YES;
				CLANG_ENABLE_OBJC_WEAK = YES;
				CLANG_WARN_BLOCK_CAPTURE_AUTORELEASING = YES;
				CLANG_WARN_BOOL_CONVERSION = YES;
				CLANG_WARN_COMMA = YES;
				CLANG_WARN_CONSTANT_CONVERSION = YES;
				CLANG_WARN_DEPRECATED_OBJC_IMPLEMENTATIONS = YES;
				CLANG_WARN_DIRECT_OBJC_ISA_USAGE = YES_ERROR;
				CLANG_WARN_DOCUMENTATION_COMMENTS = YES;
				CLANG_WARN_EMPTY_BODY = YES;
				CLANG_WARN_ENUM_CONVERSION = YES;
				CLANG_WARN_INFINITE_RECURSION = YES;
				CLANG_WARN_INT_CONVERSION = YES;
				CLANG_WARN_NON_LITERAL_NULL_CONVERSION = YES;
				CLANG_WARN_OBJC_IMPLICIT_RETAIN_SELF = YES;
				CLANG_WARN_OBJC_LITERAL_CONVERSION = YES;
				CLANG_WARN_OBJC_ROOT_CLASS = YES_ERROR;
				CLANG_WARN_QUOTED_INCLUDE_IN_FRAMEWORK_HEADER = YES;
				CLANG_WARN_RANGE_LOOP_ANALYSIS = YES;
				CLANG_WARN_STRICT_PROTOTYPES = YES;
				CLANG_WARN_SUSPICIOUS_MOVE = YES;
				CLANG_WARN_UNGUARDED_AVAILABILITY = YES_AGGRESSIVE;
				CLANG_WARN_UNREACHABLE_CODE = YES;
				CLANG_WARN__DUPLICATE_METHOD_MATCH = YES;
				COPY_PHASE_STRIP = NO;
				DEBUG_INFORMATION_FORMAT = "dwarf-with-dsym";
				ENABLE_NS_ASSERTIONS = NO;
				ENABLE_STRICT_OBJC_MSGSEND = YES;
				ENABLE_USER_SCRIPT_SANDBOXING = YES;
				GCC_C_LANGUAGE_STANDARD = gnu17;
				GCC_NO_COMMON_BLOCKS = YES;
				GCC_WARN_64_TO_32_BIT_CONVERSION = YES;
				GCC_WARN_ABOUT_RETURN_TYPE = YES_ERROR;
				GCC_WARN_UNDECLARED_SELECTOR = YES;
				GCC_WARN_UNINITIALIZED_AUTOS = YES_AGGRESSIVE;
				GCC_WARN_UNUSED_FUNCTION = YES;
				GCC_WARN_UNUSED_VARIABLE = YES;
				IPHONEOS_DEPLOYMENT_TARGET = 17.5;
				LOCALIZATION_PREFERS_STRING_CATALOGS = YES;
				MTL_ENABLE_DEBUG_INFO = NO;
				MTL_FAST_MATH = YES;
				SDKROOT = iphoneos;
				SWIFT_COMPILATION_MODE = wholemodule;
				VALIDATE_PRODUCT = YES;
			};
			name = Release;
		};
		CE94886B2C4AA7A30082C16C /* Debug */ = {
			isa = XCBuildConfiguration;
			buildSettings = {
				ASSETCATALOG_COMPILER_APPICON_NAME = AppIcon;
				ASSETCATALOG_COMPILER_GLOBAL_ACCENT_COLOR_NAME = AccentColor;
				CODE_SIGN_STYLE = Automatic;
				CURRENT_PROJECT_VERSION = 1;
				DEVELOPMENT_ASSET_PATHS = "\"ToDoToday/Preview Content\"";
				DEVELOPMENT_TEAM = KL3TQFH3HV;
				ENABLE_PREVIEWS = YES;
				GENERATE_INFOPLIST_FILE = YES;
				INFOPLIST_KEY_UIApplicationSceneManifest_Generation = YES;
				INFOPLIST_KEY_UIApplicationSupportsIndirectInputEvents = YES;
				INFOPLIST_KEY_UILaunchScreen_Generation = YES;
				INFOPLIST_KEY_UISupportedInterfaceOrientations_iPad = "UIInterfaceOrientationPortrait UIInterfaceOrientationPortraitUpsideDown UIInterfaceOrientationLandscapeLeft UIInterfaceOrientationLandscapeRight";
				INFOPLIST_KEY_UISupportedInterfaceOrientations_iPhone = "UIInterfaceOrientationPortrait UIInterfaceOrientationLandscapeLeft UIInterfaceOrientationLandscapeRight";
				LD_RUNPATH_SEARCH_PATHS = (
					"$(inherited)",
					"@executable_path/Frameworks",
				);
				MARKETING_VERSION = 1.0;
				PRODUCT_BUNDLE_IDENTIFIER = me.islam.nowroz.ToDoToday;
				PRODUCT_NAME = "$(TARGET_NAME)";
				SWIFT_EMIT_LOC_STRINGS = YES;
				SWIFT_VERSION = 5.0;
				TARGETED_DEVICE_FAMILY = "1,2";
			};
			name = Debug;
		};
		CE94886C2C4AA7A30082C16C /* Release */ = {
			isa = XCBuildConfiguration;
			buildSettings = {
				ASSETCATALOG_COMPILER_APPICON_NAME = AppIcon;
				ASSETCATALOG_COMPILER_GLOBAL_ACCENT_COLOR_NAME = AccentColor;
				CODE_SIGN_STYLE = Automatic;
				CURRENT_PROJECT_VERSION = 1;
				DEVELOPMENT_ASSET_PATHS = "\"ToDoToday/Preview Content\"";
				DEVELOPMENT_TEAM = KL3TQFH3HV;
				ENABLE_PREVIEWS = YES;
				GENERATE_INFOPLIST_FILE = YES;
				INFOPLIST_KEY_UIApplicationSceneManifest_Generation = YES;
				INFOPLIST_KEY_UIApplicationSupportsIndirectInputEvents = YES;
				INFOPLIST_KEY_UILaunchScreen_Generation = YES;
				INFOPLIST_KEY_UISupportedInterfaceOrientations_iPad = "UIInterfaceOrientationPortrait UIInterfaceOrientationPortraitUpsideDown UIInterfaceOrientationLandscapeLeft UIInterfaceOrientationLandscapeRight";
				INFOPLIST_KEY_UISupportedInterfaceOrientations_iPhone = "UIInterfaceOrientationPortrait UIInterfaceOrientationLandscapeLeft UIInterfaceOrientationLandscapeRight";
				LD_RUNPATH_SEARCH_PATHS = (
					"$(inherited)",
					"@executable_path/Frameworks",
				);
				MARKETING_VERSION = 1.0;
				PRODUCT_BUNDLE_IDENTIFIER = me.islam.nowroz.ToDoToday;
				PRODUCT_NAME = "$(TARGET_NAME)";
				SWIFT_EMIT_LOC_STRINGS = YES;
				SWIFT_VERSION = 5.0;
				TARGETED_DEVICE_FAMILY = "1,2";
			};
			name = Release;
		};
/* End XCBuildConfiguration section */

/* Begin XCConfigurationList section */
		CE9488572C4AA7A10082C16C /* Build configuration list for PBXProject "ToDoToday" */ = {
			isa = XCConfigurationList;
			buildConfigurations = (
				CE9488682C4AA7A30082C16C /* Debug */,
				CE9488692C4AA7A30082C16C /* Release */,
			);
			defaultConfigurationIsVisible = 0;
			defaultConfigurationName = Release;
		};
		CE94886A2C4AA7A30082C16C /* Build configuration list for PBXNativeTarget "ToDoToday" */ = {
			isa = XCConfigurationList;
			buildConfigurations = (
				CE94886B2C4AA7A30082C16C /* Debug */,
				CE94886C2C4AA7A30082C16C /* Release */,
			);
			defaultConfigurationIsVisible = 0;
			defaultConfigurationName = Release;
		};
/* End XCConfigurationList section */
	};
	rootObject = CE9488542C4AA7A10082C16C /* Project object */;
}
